
Microsoft Visual Studio Solution File, Format Version 12.00
# Visual Studio Version 16
VisualStudioVersion = 16.0.29609.76
MinimumVisualStudioVersion = 10.0.40219.1
Project("{FAE04EC0-301F-11D3-BF4B-00C04F79EFBC}") = "QuasarLang", "QuasarLang.csproj", "{0000A007-8C38-4D1F-8B27-821C0DBFB0F1}"
EndProject
Project("{FAE04EC0-301F-11D3-BF4B-00C04F79EFBC}") = "QuasarLang.ConsoleApp", "..\QuasarLang.ConsoleApp\QuasarLang.ConsoleApp.csproj", "{B45F0566-8FFE-413E-BD2B-C85850DB070C}"
EndProject
Global
	GlobalSection(SolutionConfigurationPlatforms) = preSolution
		Debug|Any CPU = Debug|Any CPU
		Release|Any CPU = Release|Any CPU
	EndGlobalSection
	GlobalSection(ProjectConfigurationPlatforms) = postSolution
		{0000A007-8C38-4D1F-8B27-821C0DBFB0F1}.Debug|Any CPU.ActiveCfg = Debug|Any CPU
		{0000A007-8C38-4D1F-8B27-821C0DBFB0F1}.Debug|Any CPU.Build.0 = Debug|Any CPU
		{0000A007-8C38-4D1F-8B27-821C0DBFB0F1}.Release|Any CPU.ActiveCfg = Release|Any CPU
		{0000A007-8C38-4D1F-8B27-821C0DBFB0F1}.Release|Any CPU.Build.0 = Release|Any CPU
		{B45F0566-8FFE-413E-BD2B-C85850DB070C}.Debug|Any CPU.ActiveCfg = Debug|Any CPU
		{B45F0566-8FFE-413E-BD2B-C85850DB070C}.Debug|Any CPU.Build.0 = Debug|Any CPU
		{B45F0566-8FFE-413E-BD2B-C85850DB070C}.Release|Any CPU.ActiveCfg = Release|Any CPU
		{B45F0566-8FFE-413E-BD2B-C85850DB070C}.Release|Any CPU.Build.0 = Release|Any CPU
	EndGlobalSection
	GlobalSection(SolutionProperties) = preSolution
		HideSolutionNode = FALSE
	EndGlobalSection
	GlobalSection(ExtensibilityGlobals) = postSolution
		SolutionGuid = {C42C9298-84D1-46AA-9B3B-EAB6F1AC21FF}
	EndGlobalSection
EndGlobal
